# Generated by pub
# See https://www.dartlang.org/tools/pub/glossary#lockfile
packages:
  collection:
    dependency: transitive
    description:
      name: collection
      url: "https://pub.dartlang.org"
    source: hosted
    version: "1.14.11"
  dart_internal:
    dependency: transitive
    description:
      name: dart_internal
      url: "https://pub.dartlang.org"
    source: hosted
    version: "0.1.2"
  matcher:
    dependency: transitive
    description:
      name: matcher
      url: "https://pub.dartlang.org"
    source: hosted
    version: "0.12.4"
  meta:
    dependency: transitive
    description:
      name: meta
      url: "https://pub.dartlang.org"
    source: hosted
    version: "1.1.7"
  observable:
    dependency: "direct main"
    description:
      name: observable
      url: "https://pub.dartlang.org"
    source: hosted
    version: "0.22.1+5"
  path:
    dependency: transitive
    description:
      name: path
      url: "https://pub.dartlang.org"
    source: hosted
    version: "1.6.2"
  quiver:
    dependency: transitive
    description:
      name: quiver
      url: "https://pub.dartlang.org"
    source: hosted
    version: "2.0.1"
  stack_trace:
    dependency: transitive
    description:
      name: stack_trace
      url: "https://pub.dartlang.org"
    source: hosted
    version: "1.9.3"
sdks:
  dart: ">=2.0.0-dev.62.0 <2.2.0"
